{
  "name": "sample-post",
  "version": "1.0.0",
  "lockfileVersion": 1,
  "requires": true,
  "dependencies": {
    "binary-search-bounds": {
      "version": "1.0.0",
      "resolved": "https://registry.npmjs.org/binary-search-bounds/-/binary-search-bounds-1.0.0.tgz",
      "integrity": "sha1-MjyjF+PypA9CRMclX1OEpbIHu2k="
    },
    "interval-tree-1d": {
      "version": "1.0.3",
      "resolved": "https://registry.npmjs.org/interval-tree-1d/-/interval-tree-1d-1.0.3.tgz",
      "integrity": "sha1-j9veArayx9verWNry+2OCHENhcE=",
      "requires": {
        "binary-search-bounds": "^1.0.0"
      }
    }
  }
}
