{
  "name": "post-1",
  "version": "1.0.0",
  "lockfileVersion": 1,
  "requires": true,
  "dependencies": {
    "cssesc": {
      "version": "3.0.0",
      "resolved": "https://registry.npmjs.org/cssesc/-/cssesc-3.0.0.tgz",
      "integrity": "sha512-/Tb/JcjK111nNScGob5MNtsntNM1aCNUDipB/TkwZFhyDrrE47SOx/18wF2bbjgc3ZzCSKW1T5nt5EbFoAz/Vg=="
    },
    "h": {
      "version": "1.0.0",
      "resolved": "https://registry.npmjs.org/h/-/h-1.0.0.tgz",
      "integrity": "sha512-nxC1orTrM/gMBsMyWnFqLe2kzqD/iVIVoBIdpOtQc9hyKzWWPuuCiXGwi0o3TwC+3SyhIR5d73WGg6KlcokWzw==",
      "requires": {
        "cssesc": "^3.0.0",
        "html-escape": "^2.0.0"
      }
    },
    "html-escape": {
      "version": "2.0.0",
      "resolved": "https://registry.npmjs.org/html-escape/-/html-escape-2.0.0.tgz",
      "integrity": "sha1-YMjd1GXt8MrgKvnpn99fiDsJvkk="
    }
  }
}
